
Microsoft Visual Studio Solution File, Format Version 12.00
# Visual Studio Version 17
VisualStudioVersion = 17.6.33723.286
MinimumVisualStudioVersion = 10.0.40219.1
Project("{FAE04EC0-301F-11D3-BF4B-00C04F79EFBC}") = "WindowsFormsApp2", "WindowsFormsApp2.csproj", "{2D44AFC1-31DB-4735-9238-1AA5264A979E}"
EndProject
Global
	GlobalSection(SolutionConfigurationPlatforms) = preSolution
		Debug|Any CPU = Debug|Any CPU
		Release|Any CPU = Release|Any CPU
	EndGlobalSection
	GlobalSection(ProjectConfigurationPlatforms) = postSolution
		{2D44AFC1-31DB-4735-9238-1AA5264A979E}.Debug|Any CPU.ActiveCfg = Debug|Any CPU
		{2D44AFC1-31DB-4735-9238-1AA5264A979E}.Debug|Any CPU.Build.0 = Debug|Any CPU
		{2D44AFC1-31DB-4735-9238-1AA5264A979E}.Release|Any CPU.ActiveCfg = Release|Any CPU
		{2D44AFC1-31DB-4735-9238-1AA5264A979E}.Release|Any CPU.Build.0 = Release|Any CPU
	EndGlobalSection
	GlobalSection(SolutionProperties) = preSolution
		HideSolutionNode = FALSE
	EndGlobalSection
	GlobalSection(ExtensibilityGlobals) = postSolution
		SolutionGuid = {16673403-2659-4307-9C77-EA006D076AEA}
	EndGlobalSection
EndGlobal
